// !$*UTF8*$!
{
	archiveVersion = 1;
	classes = {
	};
	objectVersion = 55;
	objects = {

/* Begin PBXBuildFile section */
		CC63498B27A26AA700D33D0F /* NTKExperimentalDigitalFaceBundle.m in Sources */ = {isa = PBXBuildFile; fileRef = CC63498A27A26AA700D33D0F /* NTKExperimentalDigitalFaceBundle.m */; };
		CC63498E27A26B6800D33D0F /* NTKExperimentalDigitalFace.m in Sources */ = {isa = PBXBuildFile; fileRef = CC63498D27A26B6800D33D0F /* NTKExperimentalDigitalFace.m */; };
		CC63499527A26DF900D33D0F /* NTKExperimentalDigitalFaceView.m in Sources */ = {isa = PBXBuildFile; fileRef = CC63499427A26DF900D33D0F /* NTKExperimentalDigitalFaceView.m */; };
		CC63499E27A27F5400D33D0F /* NanoTimeKit.framework in Frameworks */ = {isa = PBXBuildFile; fileRef = CC63499D27A27F5400D33D0F /* NanoTimeKit.framework */; };
		CC6349A327A2814300D33D0F /* RelevanceEngineUI.framework in Frameworks */ = {isa = PBXBuildFile; fileRef = CC6349A127A2814300D33D0F /* RelevanceEngineUI.framework */; };
		CC6349A427A2814300D33D0F /* RelevanceEngine.framework in Frameworks */ = {isa = PBXBuildFile; fileRef = CC6349A227A2814300D33D0F /* RelevanceEngine.framework */; };
/* End PBXBuildFile section */

/* Begin PBXFileReference section */
		CC63498227A26A5900D33D0F /* NTKExperimentalDigitalFaceBundle.bundle */ = {isa = PBXFileReference; explicitFileType = wrapper.cfbundle; includeInIndex = 0; path = NTKExperimentalDigitalFaceBundle.bundle; sourceTree = BUILT_PRODUCTS_DIR; };
		CC63498927A26AA700D33D0F /* NTKExperimentalDigitalFaceBundle.h */ = {isa = PBXFileReference; lastKnownFileType = sourcecode.c.h; path = NTKExperimentalDigitalFaceBundle.h; sourceTree = "<group>"; };
		CC63498A27A26AA700D33D0F /* NTKExperimentalDigitalFaceBundle.m */ = {isa = PBXFileReference; lastKnownFileType = sourcecode.c.objc; path = NTKExperimentalDigitalFaceBundle.m; sourceTree = "<group>"; };
		CC63498C27A26B6800D33D0F /* NTKExperimentalDigitalFace.h */ = {isa = PBXFileReference; lastKnownFileType = sourcecode.c.h; path = NTKExperimentalDigitalFace.h; sourceTree = "<group>"; };
		CC63498D27A26B6800D33D0F /* NTKExperimentalDigitalFace.m */ = {isa = PBXFileReference; lastKnownFileType = sourcecode.c.objc; path = NTKExperimentalDigitalFace.m; sourceTree = "<group>"; };
		CC63498F27A26C9F00D33D0F /* NanoTimeKit.h */ = {isa = PBXFileReference; lastKnownFileType = sourcecode.c.h; path = NanoTimeKit.h; sourceTree = "<group>"; };
		CC63499327A26DF900D33D0F /* NTKExperimentalDigitalFaceView.h */ = {isa = PBXFileReference; lastKnownFileType = sourcecode.c.h; path = NTKExperimentalDigitalFaceView.h; sourceTree = "<group>"; };
		CC63499427A26DF900D33D0F /* NTKExperimentalDigitalFaceView.m */ = {isa = PBXFileReference; lastKnownFileType = sourcecode.c.objc; path = NTKExperimentalDigitalFaceView.m; sourceTree = "<group>"; };
		CC63499D27A27F5400D33D0F /* NanoTimeKit.framework */ = {isa = PBXFileReference; lastKnownFileType = wrapper.framework; path = NanoTimeKit.framework; sourceTree = "<group>"; };
		CC6349A127A2814300D33D0F /* RelevanceEngineUI.framework */ = {isa = PBXFileReference; lastKnownFileType = wrapper.framework; path = RelevanceEngineUI.framework; sourceTree = "<group>"; };
		CC6349A227A2814300D33D0F /* RelevanceEngine.framework */ = {isa = PBXFileReference; lastKnownFileType = wrapper.framework; path = RelevanceEngine.framework; sourceTree = "<group>"; };
/* End PBXFileReference section */

/* Begin PBXFrameworksBuildPhase section */
		CC63497F27A26A5900D33D0F /* Frameworks */ = {
			isa = PBXFrameworksBuildPhase;
			buildActionMask = 2147483647;
			files = (
				CC6349A327A2814300D33D0F /* RelevanceEngineUI.framework in Frameworks */,
				CC63499E27A27F5400D33D0F /* NanoTimeKit.framework in Frameworks */,
				CC6349A427A2814300D33D0F /* RelevanceEngine.framework in Frameworks */,
			);
			runOnlyForDeploymentPostprocessing = 0;
		};
/* End PBXFrameworksBuildPhase section */

/* Begin PBXGroup section */
		CC63497927A26A5900D33D0F = {
			isa = PBXGroup;
			children = (
				CC63499D27A27F5400D33D0F /* NanoTimeKit.framework */,
				CC6349A227A2814300D33D0F /* RelevanceEngine.framework */,
				CC6349A127A2814300D33D0F /* RelevanceEngineUI.framework */,
				CC63498F27A26C9F00D33D0F /* NanoTimeKit.h */,
				CC63498927A26AA700D33D0F /* NTKExperimentalDigitalFaceBundle.h */,
				CC63498A27A26AA700D33D0F /* NTKExperimentalDigitalFaceBundle.m */,
				CC63498C27A26B6800D33D0F /* NTKExperimentalDigitalFace.h */,
				CC63498D27A26B6800D33D0F /* NTKExperimentalDigitalFace.m */,
				CC63499327A26DF900D33D0F /* NTKExperimentalDigitalFaceView.h */,
				CC63499427A26DF900D33D0F /* NTKExperimentalDigitalFaceView.m */,
				CC63498327A26A5900D33D0F /* Products */,
				CC63499627A271C100D33D0F /* Frameworks */,
			);
			sourceTree = "<group>";
		};
		CC63498327A26A5900D33D0F /* Products */ = {
			isa = PBXGroup;
			children = (
				CC63498227A26A5900D33D0F /* NTKExperimentalDigitalFaceBundle.bundle */,
			);
			name = Products;
			sourceTree = "<group>";
		};
		CC63499627A271C100D33D0F /* Frameworks */ = {
			isa = PBXGroup;
			children = (
			);
			name = Frameworks;
			sourceTree = "<group>";
		};
/* End PBXGroup section */

/* Begin PBXNativeTarget section */
		CC63498127A26A5900D33D0F /* NTKExperimentalDigitalFaceBundle */ = {
			isa = PBXNativeTarget;
			buildConfigurationList = CC63498627A26A5900D33D0F /* Build configuration list for PBXNativeTarget "NTKExperimentalDigitalFaceBundle" */;
			buildPhases = (
				CC63497E27A26A5900D33D0F /* Sources */,
				CC63497F27A26A5900D33D0F /* Frameworks */,
				CC63498027A26A5900D33D0F /* Resources */,
			);
			buildRules = (
			);
			dependencies = (
			);
			name = NTKExperimentalDigitalFaceBundle;
			productName = NTKExperimentalDigitalFaceBundle;
			productReference = CC63498227A26A5900D33D0F /* NTKExperimentalDigitalFaceBundle.bundle */;
			productType = "com.apple.product-type.bundle";
		};
/* End PBXNativeTarget section */

/* Begin PBXProject section */
		CC63497A27A26A5900D33D0F /* Project object */ = {
			isa = PBXProject;
			attributes = {
				BuildIndependentTargetsInParallel = 1;
				LastUpgradeCheck = 1320;
				TargetAttributes = {
					CC63498127A26A5900D33D0F = {
						CreatedOnToolsVersion = 13.2;
					};
				};
			};
			buildConfigurationList = CC63497D27A26A5900D33D0F /* Build configuration list for PBXProject "NTKExperimentalDigitalFaceBundle" */;
			compatibilityVersion = "Xcode 13.0";
			developmentRegion = en;
			hasScannedForEncodings = 0;
			knownRegions = (
				en,
				Base,
			);
			mainGroup = CC63497927A26A5900D33D0F;
			productRefGroup = CC63498327A26A5900D33D0F /* Products */;
			projectDirPath = "";
			projectRoot = "";
			targets = (
				CC63498127A26A5900D33D0F /* NTKExperimentalDigitalFaceBundle */,
			);
		};
/* End PBXProject section */

/* Begin PBXResourcesBuildPhase section */
		CC63498027A26A5900D33D0F /* Resources */ = {
			isa = PBXResourcesBuildPhase;
			buildActionMask = 2147483647;
			files = (
			);
			runOnlyForDeploymentPostprocessing = 0;
		};
/* End PBXResourcesBuildPhase section */

/* Begin PBXSourcesBuildPhase section */
		CC63497E27A26A5900D33D0F /* Sources */ = {
			isa = PBXSourcesBuildPhase;
			buildActionMask = 2147483647;
			files = (
				CC63498B27A26AA700D33D0F /* NTKExperimentalDigitalFaceBundle.m in Sources */,
				CC63499527A26DF900D33D0F /* NTKExperimentalDigitalFaceView.m in Sources */,
				CC63498E27A26B6800D33D0F /* NTKExperimentalDigitalFace.m in Sources */,
			);
			runOnlyForDeploymentPostprocessing = 0;
		};
/* End PBXSourcesBuildPhase section */

/* Begin XCBuildConfiguration section */
		CC63498427A26A5900D33D0F /* Debug */ = {
			isa = XCBuildConfiguration;
			buildSettings = {
				ALWAYS_SEARCH_USER_PATHS = NO;
				CLANG_ANALYZER_NONNULL = YES;
				CLANG_ANALYZER_NUMBER_OBJECT_CONVERSION = YES_AGGRESSIVE;
				CLANG_CXX_LANGUAGE_STANDARD = "gnu++17";
				CLANG_CXX_LIBRARY = "libc++";
				CLANG_ENABLE_MODULES = YES;
				CLANG_ENABLE_OBJC_ARC = YES;
				CLANG_ENABLE_OBJC_WEAK = YES;
				CLANG_WARN_BLOCK_CAPTURE_AUTORELEASING = YES;
				CLANG_WARN_BOOL_CONVERSION = YES;
				CLANG_WARN_COMMA = YES;
				CLANG_WARN_CONSTANT_CONVERSION = YES;
				CLANG_WARN_DEPRECATED_OBJC_IMPLEMENTATIONS = YES;
				CLANG_WARN_DIRECT_OBJC_ISA_USAGE = YES_ERROR;
				CLANG_WARN_DOCUMENTATION_COMMENTS = YES;
				CLANG_WARN_EMPTY_BODY = YES;
				CLANG_WARN_ENUM_CONVERSION = YES;
				CLANG_WARN_INFINITE_RECURSION = YES;
				CLANG_WARN_INT_CONVERSION = YES;
				CLANG_WARN_NON_LITERAL_NULL_CONVERSION = YES;
				CLANG_WARN_OBJC_IMPLICIT_RETAIN_SELF = YES;
				CLANG_WARN_OBJC_LITERAL_CONVERSION = YES;
				CLANG_WARN_OBJC_ROOT_CLASS = YES_ERROR;
				CLANG_WARN_QUOTED_INCLUDE_IN_FRAMEWORK_HEADER = YES;
				CLANG_WARN_RANGE_LOOP_ANALYSIS = YES;
				CLANG_WARN_STRICT_PROTOTYPES = YES;
				CLANG_WARN_SUSPICIOUS_MOVE = YES;
				CLANG_WARN_UNGUARDED_AVAILABILITY = YES_AGGRESSIVE;
				CLANG_WARN_UNREACHABLE_CODE = YES;
				CLANG_WARN__DUPLICATE_METHOD_MATCH = YES;
				COPY_PHASE_STRIP = NO;
				DEBUG_INFORMATION_FORMAT = dwarf;
				ENABLE_STRICT_OBJC_MSGSEND = YES;
				ENABLE_TESTABILITY = YES;
				GCC_C_LANGUAGE_STANDARD = gnu11;
				GCC_DYNAMIC_NO_PIC = NO;
				GCC_NO_COMMON_BLOCKS = YES;
				GCC_OPTIMIZATION_LEVEL = 0;
				GCC_PREPROCESSOR_DEFINITIONS = (
					"DEBUG=1",
					"$(inherited)",
				);
				GCC_WARN_64_TO_32_BIT_CONVERSION = YES;
				GCC_WARN_ABOUT_RETURN_TYPE = YES_ERROR;
				GCC_WARN_UNDECLARED_SELECTOR = YES;
				GCC_WARN_UNINITIALIZED_AUTOS = YES_AGGRESSIVE;
				GCC_WARN_UNUSED_FUNCTION = YES;
				GCC_WARN_UNUSED_VARIABLE = YES;
				MACOSX_DEPLOYMENT_TARGET = 12.1;
				MTL_ENABLE_DEBUG_INFO = INCLUDE_SOURCE;
				MTL_FAST_MATH = YES;
				ONLY_ACTIVE_ARCH = YES;
				SDKROOT = macosx;
			};
			name = Debug;
		};
		CC63498527A26A5900D33D0F /* Release */ = {
			isa = XCBuildConfiguration;
			buildSettings = {
				ALWAYS_SEARCH_USER_PATHS = NO;
				CLANG_ANALYZER_NONNULL = YES;
				CLANG_ANALYZER_NUMBER_OBJECT_CONVERSION = YES_AGGRESSIVE;
				CLANG_CXX_LANGUAGE_STANDARD = "gnu++17";
				CLANG_CXX_LIBRARY = "libc++";
				CLANG_ENABLE_MODULES = YES;
				CLANG_ENABLE_OBJC_ARC = YES;
				CLANG_ENABLE_OBJC_WEAK = YES;
				CLANG_WARN_BLOCK_CAPTURE_AUTORELEASING = YES;
				CLANG_WARN_BOOL_CONVERSION = YES;
				CLANG_WARN_COMMA = YES;
				CLANG_WARN_CONSTANT_CONVERSION = YES;
				CLANG_WARN_DEPRECATED_OBJC_IMPLEMENTATIONS = YES;
				CLANG_WARN_DIRECT_OBJC_ISA_USAGE = YES_ERROR;
				CLANG_WARN_DOCUMENTATION_COMMENTS = YES;
				CLANG_WARN_EMPTY_BODY = YES;
				CLANG_WARN_ENUM_CONVERSION = YES;
				CLANG_WARN_INFINITE_RECURSION = YES;
				CLANG_WARN_INT_CONVERSION = YES;
				CLANG_WARN_NON_LITERAL_NULL_CONVERSION = YES;
				CLANG_WARN_OBJC_IMPLICIT_RETAIN_SELF = YES;
				CLANG_WARN_OBJC_LITERAL_CONVERSION = YES;
				CLANG_WARN_OBJC_ROOT_CLASS = YES_ERROR;
				CLANG_WARN_QUOTED_INCLUDE_IN_FRAMEWORK_HEADER = YES;
				CLANG_WARN_RANGE_LOOP_ANALYSIS = YES;
				CLANG_WARN_STRICT_PROTOTYPES = YES;
				CLANG_WARN_SUSPICIOUS_MOVE = YES;
				CLANG_WARN_UNGUARDED_AVAILABILITY = YES_AGGRESSIVE;
				CLANG_WARN_UNREACHABLE_CODE = YES;
				CLANG_WARN__DUPLICATE_METHOD_MATCH = YES;
				COPY_PHASE_STRIP = NO;
				DEBUG_INFORMATION_FORMAT = "dwarf-with-dsym";
				ENABLE_NS_ASSERTIONS = NO;
				ENABLE_STRICT_OBJC_MSGSEND = YES;
				GCC_C_LANGUAGE_STANDARD = gnu11;
				GCC_NO_COMMON_BLOCKS = YES;
				GCC_WARN_64_TO_32_BIT_CONVERSION = YES;
				GCC_WARN_ABOUT_RETURN_TYPE = YES_ERROR;
				GCC_WARN_UNDECLARED_SELECTOR = YES;
				GCC_WARN_UNINITIALIZED_AUTOS = YES_AGGRESSIVE;
				GCC_WARN_UNUSED_FUNCTION = YES;
				GCC_WARN_UNUSED_VARIABLE = YES;
				MACOSX_DEPLOYMENT_TARGET = 12.1;
				MTL_ENABLE_DEBUG_INFO = NO;
				MTL_FAST_MATH = YES;
				SDKROOT = macosx;
			};
			name = Release;
		};
		CC63498727A26A5900D33D0F /* Debug */ = {
			isa = XCBuildConfiguration;
			buildSettings = {
				CODE_SIGN_STYLE = Automatic;
				COMBINE_HIDPI_IMAGES = YES;
				CURRENT_PROJECT_VERSION = 1;
				FRAMEWORK_SEARCH_PATHS = (
					"$(inherited)",
					"$(PROJECT_DIR)",
				);
				GENERATE_INFOPLIST_FILE = YES;
				INFOPLIST_KEY_NSHumanReadableCopyright = "";
				INFOPLIST_KEY_NSPrincipalClass = NTKExperimentalDigitalFaceBundle;
				INSTALL_PATH = "$(LOCAL_LIBRARY_DIR)/Bundles";
				IPHONEOS_DEPLOYMENT_TARGET = 15.0;
				MACOSX_DEPLOYMENT_TARGET = 12.0;
				MARKETING_VERSION = 1.0;
				PRODUCT_BUNDLE_IDENTIFIER = com.apple.NTKExperimentalDigitalFaceBundle;
				PRODUCT_NAME = "$(TARGET_NAME)";
				SDKROOT = watchos;
				SKIP_INSTALL = YES;
				SWIFT_EMIT_LOC_STRINGS = YES;
				TVOS_DEPLOYMENT_TARGET = 15.0;
				WATCHOS_DEPLOYMENT_TARGET = 8.0;
				WRAPPER_EXTENSION = bundle;
			};
			name = Debug;
		};
		CC63498827A26A5900D33D0F /* Release */ = {
			isa = XCBuildConfiguration;
			buildSettings = {
				CODE_SIGN_STYLE = Automatic;
				COMBINE_HIDPI_IMAGES = YES;
				CURRENT_PROJECT_VERSION = 1;
				FRAMEWORK_SEARCH_PATHS = (
					"$(inherited)",
					"$(PROJECT_DIR)",
				);
				GENERATE_INFOPLIST_FILE = YES;
				INFOPLIST_KEY_NSHumanReadableCopyright = "";
				INFOPLIST_KEY_NSPrincipalClass = NTKExperimentalDigitalFaceBundle;
				INSTALL_PATH = "$(LOCAL_LIBRARY_DIR)/Bundles";
				IPHONEOS_DEPLOYMENT_TARGET = 15.0;
				MACOSX_DEPLOYMENT_TARGET = 12.0;
				MARKETING_VERSION = 1.0;
				PRODUCT_BUNDLE_IDENTIFIER = com.apple.NTKExperimentalDigitalFaceBundle;
				PRODUCT_NAME = "$(TARGET_NAME)";
				SDKROOT = watchos;
				SKIP_INSTALL = YES;
				SWIFT_EMIT_LOC_STRINGS = YES;
				TVOS_DEPLOYMENT_TARGET = 15.0;
				WATCHOS_DEPLOYMENT_TARGET = 8.0;
				WRAPPER_EXTENSION = bundle;
			};
			name = Release;
		};
/* End XCBuildConfiguration section */

/* Begin XCConfigurationList section */
		CC63497D27A26A5900D33D0F /* Build configuration list for PBXProject "NTKExperimentalDigitalFaceBundle" */ = {
			isa = XCConfigurationList;
			buildConfigurations = (
				CC63498427A26A5900D33D0F /* Debug */,
				CC63498527A26A5900D33D0F /* Release */,
			);
			defaultConfigurationIsVisible = 0;
			defaultConfigurationName = Release;
		};
		CC63498627A26A5900D33D0F /* Build configuration list for PBXNativeTarget "NTKExperimentalDigitalFaceBundle" */ = {
			isa = XCConfigurationList;
			buildConfigurations = (
				CC63498727A26A5900D33D0F /* Debug */,
				CC63498827A26A5900D33D0F /* Release */,
			);
			defaultConfigurationIsVisible = 0;
			defaultConfigurationName = Release;
		};
/* End XCConfigurationList section */
	};
	rootObject = CC63497A27A26A5900D33D0F /* Project object */;
}
